lockfileVersion: '9.0'

settings:
  autoInstallPeers: true
  excludeLinksFromLockfile: false

importers:

  .:
    dependencies:
      '@openzeppelin/contracts':
        specifier: ^5.4.0
        version: 5.4.0
      '@openzeppelin/contracts-upgradeable':
        specifier: ^5.4.0
        version: 5.4.0(@openzeppelin/contracts@5.4.0)
      forge-std:
        specifier: github:foundry-rs/forge-std#v1.14.0
        version: https://codeload.github.com/foundry-rs/forge-std/tar.gz/1801b0541f4fda118a10798fd3486bb7051c5dd6

packages:

  '@openzeppelin/contracts-upgradeable@5.4.0':
    resolution: {integrity: sha512-STJKyDzUcYuB35Zub1JpWW58JxvrFFVgQ+Ykdr8A9PGXgtq/obF5uoh07k2XmFyPxfnZdPdBdhkJ/n2YxJ87HQ==}
    peerDependencies:
      '@openzeppelin/contracts': 5.4.0

  '@openzeppelin/contracts@5.4.0':
    resolution: {integrity: sha512-eCYgWnLg6WO+X52I16TZt8uEjbtdkgLC0SUX/xnAksjjrQI4Xfn4iBRoI5j55dmlOhDv1Y7BoR3cU7e3WWhC6A==}

  forge-std@https://codeload.github.com/foundry-rs/forge-std/tar.gz/1801b0541f4fda118a10798fd3486bb7051c5dd6:
    resolution: {tarball: https://codeload.github.com/foundry-rs/forge-std/tar.gz/1801b0541f4fda118a10798fd3486bb7051c5dd6}
    version: 1.14.0

snapshots:

  '@openzeppelin/contracts-upgradeable@5.4.0(@openzeppelin/contracts@5.4.0)':
    dependencies:
      '@openzeppelin/contracts': 5.4.0

  '@openzeppelin/contracts@5.4.0': {}

  forge-std@https://codeload.github.com/foundry-rs/forge-std/tar.gz/1801b0541f4fda118a10798fd3486bb7051c5dd6: {}
