lockfileVersion: '9.0'

settings:
  autoInstallPeers: true
  excludeLinksFromLockfile: false

patchedDependencies:
  '@openzeppelin/contracts-upgradeable': 0bffbc4488ca2b60087b08ff462cd91ca320c810d09c6f482aeda3b47280fcb4

importers:

  .:
    dependencies:
      '@openzeppelin/contracts':
        specifier: ^5.4.0
        version: 5.4.0
      '@openzeppelin/contracts-upgradeable':
        specifier: ^5.4.0
        version: 5.4.0(patch_hash=0bffbc4488ca2b60087b08ff462cd91ca320c810d09c6f482aeda3b47280fcb4)(@openzeppelin/contracts@5.4.0)
      '@prb/math':
        specifier: ^4.1.0
        version: 4.1.0
      forge-std:
        specifier: github:foundry-rs/forge-std#v1.16.1
        version: https://codeload.github.com/foundry-rs/forge-std/tar.gz/620536fa5277db4e3fd46772d5cbc1ea0696fb43

packages:

  '@openzeppelin/contracts-upgradeable@5.4.0':
    resolution: {integrity: sha512-STJKyDzUcYuB35Zub1JpWW58JxvrFFVgQ+Ykdr8A9PGXgtq/obF5uoh07k2XmFyPxfnZdPdBdhkJ/n2YxJ87HQ==}
    peerDependencies:
      '@openzeppelin/contracts': 5.4.0

  '@openzeppelin/contracts@5.4.0':
    resolution: {integrity: sha512-eCYgWnLg6WO+X52I16TZt8uEjbtdkgLC0SUX/xnAksjjrQI4Xfn4iBRoI5j55dmlOhDv1Y7BoR3cU7e3WWhC6A==}

  '@prb/math@4.1.0':
    resolution: {integrity: sha512-ef5Xrlh3BeX4xT5/Wi810dpEPq2bYPndRxgFIaKSU1F/Op/s8af03kyom+mfU7gEpvfIZ46xu8W0duiHplbBMg==}

  forge-std@https://codeload.github.com/foundry-rs/forge-std/tar.gz/620536fa5277db4e3fd46772d5cbc1ea0696fb43:
    resolution: {gitHosted: true, tarball: https://codeload.github.com/foundry-rs/forge-std/tar.gz/620536fa5277db4e3fd46772d5cbc1ea0696fb43}
    version: 1.16.1

snapshots:

  '@openzeppelin/contracts-upgradeable@5.4.0(patch_hash=0bffbc4488ca2b60087b08ff462cd91ca320c810d09c6f482aeda3b47280fcb4)(@openzeppelin/contracts@5.4.0)':
    dependencies:
      '@openzeppelin/contracts': 5.4.0

  '@openzeppelin/contracts@5.4.0': {}

  '@prb/math@4.1.0': {}

  forge-std@https://codeload.github.com/foundry-rs/forge-std/tar.gz/620536fa5277db4e3fd46772d5cbc1ea0696fb43: {}
