lockfileVersion: '9.0'

settings:
  autoInstallPeers: true
  excludeLinksFromLockfile: false

patchedDependencies:
  '@openzeppelin/contracts-upgradeable':
    hash: a2f252725e7dafcc2d032197350dc6ecd5c7fc4214ece2ea6d726e6f84647a28
    path: patches/@openzeppelin__contracts-upgradeable.patch

importers:

  .:
    dependencies:
      '@openzeppelin/contracts':
        specifier: ^5.4.0
        version: 5.4.0
      '@openzeppelin/contracts-upgradeable':
        specifier: ^5.4.0
        version: 5.4.0(patch_hash=a2f252725e7dafcc2d032197350dc6ecd5c7fc4214ece2ea6d726e6f84647a28)(@openzeppelin/contracts@5.4.0)
      '@prb/math':
        specifier: ^4.1.0
        version: 4.1.0
      forge-std:
        specifier: github:foundry-rs/forge-std#v1.14.0
        version: https://codeload.github.com/foundry-rs/forge-std/tar.gz/1801b0541f4fda118a10798fd3486bb7051c5dd6

packages:

  '@openzeppelin/contracts-upgradeable@5.4.0':
    resolution: {integrity: sha512-STJKyDzUcYuB35Zub1JpWW58JxvrFFVgQ+Ykdr8A9PGXgtq/obF5uoh07k2XmFyPxfnZdPdBdhkJ/n2YxJ87HQ==}
    peerDependencies:
      '@openzeppelin/contracts': 5.4.0

  '@openzeppelin/contracts@5.4.0':
    resolution: {integrity: sha512-eCYgWnLg6WO+X52I16TZt8uEjbtdkgLC0SUX/xnAksjjrQI4Xfn4iBRoI5j55dmlOhDv1Y7BoR3cU7e3WWhC6A==}

  '@prb/math@4.1.0':
    resolution: {integrity: sha512-ef5Xrlh3BeX4xT5/Wi810dpEPq2bYPndRxgFIaKSU1F/Op/s8af03kyom+mfU7gEpvfIZ46xu8W0duiHplbBMg==}

  forge-std@https://codeload.github.com/foundry-rs/forge-std/tar.gz/1801b0541f4fda118a10798fd3486bb7051c5dd6:
    resolution: {tarball: https://codeload.github.com/foundry-rs/forge-std/tar.gz/1801b0541f4fda118a10798fd3486bb7051c5dd6}
    version: 1.14.0

snapshots:

  '@openzeppelin/contracts-upgradeable@5.4.0(patch_hash=a2f252725e7dafcc2d032197350dc6ecd5c7fc4214ece2ea6d726e6f84647a28)(@openzeppelin/contracts@5.4.0)':
    dependencies:
      '@openzeppelin/contracts': 5.4.0

  '@openzeppelin/contracts@5.4.0': {}

  '@prb/math@4.1.0': {}

  forge-std@https://codeload.github.com/foundry-rs/forge-std/tar.gz/1801b0541f4fda118a10798fd3486bb7051c5dd6: {}
